{
  "nodes": {
    "home-manager": {
      "inputs": {
        "nixpkgs": [
          "nixpkgs"
        ]
      },
      "locked": {
        "lastModified": 1706134977,
        "narHash": "sha256-KwNb1Li3K6vuVwZ77tFjZ89AWBo7AiCs9t0Cens4BsM=",
        "owner": "nix-community",
        "repo": "home-manager",
        "rev": "6359d40f6ec0b72a38e02b333f343c3d4929ec10",
        "type": "github"
      },
      "original": {
        "owner": "nix-community",
        "repo": "home-manager",
        "type": "github"
      }
    },
    "nixpkgs": {
      "locked": {
        "lastModified": 1706202883,
        "narHash": "sha256-5/OMyPeczymXDBvVsiyGsYDoOWLuawbiMm1nqYpcX6Y=",
        "owner": "nixos",
        "repo": "nixpkgs",
        "rev": "fce69046f28363e538689048cdbb4124ba6e6392",
        "type": "github"
      },
      "original": {
        "owner": "nixos",
        "repo": "nixpkgs",
        "type": "github"
      }
    },
    "root": {
      "inputs": {
        "home-manager": "home-manager",
        "nixpkgs": "nixpkgs"
      }
    }
  },
  "root": "root",
  "version": 7
}
