{
  "nodes": {
    "home-manager": {
      "inputs": {
        "nixpkgs": [
          "nixpkgs"
        ]
      },
      "locked": {
        "lastModified": 1742530487,
        "narHash": "sha256-yjBjRn294NpPagPAQCio20X5BzBXiOoz2+xF3/YmEkU=",
        "owner": "nix-community",
        "repo": "home-manager",
        "rev": "d61711497be9ad6a6633aaf203b038b5a970621f",
        "type": "github"
      },
      "original": {
        "owner": "nix-community",
        "repo": "home-manager",
        "type": "github"
      }
    },
    "nixpkgs": {
      "locked": {
        "lastModified": 1742551013,
        "narHash": "sha256-i3WX6yyB5twO0K9utJJajXRX9LbVlFLb/JLgloYvJ/I=",
        "owner": "nixos",
        "repo": "nixpkgs",
        "rev": "a2ee1a50f0334c1e993bd94fec7736c8b36f2d0f",
        "type": "github"
      },
      "original": {
        "owner": "nixos",
        "repo": "nixpkgs",
        "type": "github"
      }
    },
    "root": {
      "inputs": {
        "home-manager": "home-manager",
        "nixpkgs": "nixpkgs"
      }
    }
  },
  "root": "root",
  "version": 7
}
